
Microsoft Visual Studio Solution File, Format Version 12.00
# Visual Studio 15
VisualStudioVersion = 15.0.28010.2016
MinimumVisualStudioVersion = 10.0.40219.1
Project("{FAE04EC0-301F-11D3-BF4B-00C04F79EFBC}") = "fluentscippets", "fluentscippets.csproj", "{F98CA6B4-109C-4A88-B1AA-2842FE076263}"
EndProject
Global
	GlobalSection(SolutionConfigurationPlatforms) = preSolution
		Debug|x86 = Debug|x86
		Release|x86 = Release|x86
	EndGlobalSection
	GlobalSection(ProjectConfigurationPlatforms) = postSolution
		{F98CA6B4-109C-4A88-B1AA-2842FE076263}.Debug|x86.ActiveCfg = Debug|x86
		{F98CA6B4-109C-4A88-B1AA-2842FE076263}.Debug|x86.Build.0 = Debug|x86
		{F98CA6B4-109C-4A88-B1AA-2842FE076263}.Release|x86.ActiveCfg = Release|x86
		{F98CA6B4-109C-4A88-B1AA-2842FE076263}.Release|x86.Build.0 = Release|x86
	EndGlobalSection
	GlobalSection(SolutionProperties) = preSolution
		HideSolutionNode = FALSE
	EndGlobalSection
	GlobalSection(ExtensibilityGlobals) = postSolution
		SolutionGuid = {ED4D7AEA-48DE-4E83-A0F2-C4A6156DB057}
	EndGlobalSection
EndGlobal
